Microsoft Visual Studio Solution File, Format Version 12.00
# Visual Studio Version 17
VisualStudioVersion = 17.5.2.0
MinimumVisualStudioVersion = 10.0.40219.1
Project("{FAE04EC0-301F-11D3-BF4B-00C04F79EFBC}") = "Parking.CoreApi", "Parking.CoreApi\Parking.CoreApi.csproj", "{8A27C154-3E96-10EB-5937-463591977590}"
EndProject
Project("{FAE04EC0-301F-11D3-BF4B-00C04F79EFBC}") = "Parking.CoreApi.Tests", "Parking.CoreApi.Tests\Parking.CoreApi.Tests.csproj", "{AD8ABAE3-5EDC-3912-3C05-E0F3605391BA}"
EndProject
Global
	GlobalSection(SolutionConfigurationPlatforms) = preSolution
		Debug|Any CPU = Debug|Any CPU
		Release|Any CPU = Release|Any CPU
	EndGlobalSection
	GlobalSection(ProjectConfigurationPlatforms) = postSolution
		{8A27C154-3E96-10EB-5937-463591977590}.Debug|Any CPU.ActiveCfg = Debug|Any CPU
		{8A27C154-3E96-10EB-5937-463591977590}.Debug|Any CPU.Build.0 = Debug|Any CPU
		{8A27C154-3E96-10EB-5937-463591977590}.Release|Any CPU.ActiveCfg = Release|Any CPU
		{8A27C154-3E96-10EB-5937-463591977590}.Release|Any CPU.Build.0 = Release|Any CPU
		{AD8ABAE3-5EDC-3912-3C05-E0F3605391BA}.Debug|Any CPU.ActiveCfg = Debug|Any CPU
		{AD8ABAE3-5EDC-3912-3C05-E0F3605391BA}.Debug|Any CPU.Build.0 = Debug|Any CPU
		{AD8ABAE3-5EDC-3912-3C05-E0F3605391BA}.Release|Any CPU.ActiveCfg = Release|Any CPU
		{AD8ABAE3-5EDC-3912-3C05-E0F3605391BA}.Release|Any CPU.Build.0 = Release|Any CPU
	EndGlobalSection
	GlobalSection(SolutionProperties) = preSolution
		HideSolutionNode = FALSE
	EndGlobalSection
	GlobalSection(ExtensibilityGlobals) = postSolution
		SolutionGuid = {222BA895-4B35-43BD-A730-C9742EFFCA0E}
	EndGlobalSection
EndGlobal
